<?xml version="1.0" encoding="utf-8"?>
<Project ToolsVersion="4.0" xmlns="http://schemas.microsoft.com/developer/msbuild/2003">
  <ItemGroup>
    <Filter Include="Audio">
      <UniqueIdentifier>{9718D90C-032D-01BE-CCAE-A41D3882FDEE}</UniqueIdentifier>
    </Filter>
    <Filter Include="Core">
      <UniqueIdentifier>{2EB4837C-1AEB-840D-C3D7-6A10AFED000F}</UniqueIdentifier>
    </Filter>
    <Filter Include="Display">
      <UniqueIdentifier>{7BAF8573-E78E-040F-F0A6-8FE55C056B70}</UniqueIdentifier>
    </Filter>
    <Filter Include="GameSystem">
      <UniqueIdentifier>{6458EF38-5010-3186-B917-0AE2A5EECB76}</UniqueIdentifier>
    </Filter>
    <Filter Include="GameSystem\SharedBase">
      <UniqueIdentifier>{E53CEA09-51A9-A504-1A9D-3D6286C8C76C}</UniqueIdentifier>
    </Filter>
    <Filter Include="GameSystem\World">
      <UniqueIdentifier>{1BAED87A-07A7-F7CC-30D9-DC511C31D7D8}</UniqueIdentifier>
    </Filter>
    <Filter Include="IO">
      <UniqueIdentifier>{FD735900-E9FF-870B-52AE-880B3E59880B}</UniqueIdentifier>
    </Filter>
    <Filter Include="Input">
      <UniqueIdentifier>{953A660D-014F-8EBE-CAD0-311E36A48AEF}</UniqueIdentifier>
    </Filter>
    <Filter Include="Input\Windows">
      <UniqueIdentifier>{CFA97B97-3B6A-F7CD-04A5-404B70243CAA}</UniqueIdentifier>
    </Filter>
    <Filter Include="Logging">
      <UniqueIdentifier>{AC6878E8-1848-F783-2160-825A8DBE5DE5}</UniqueIdentifier>
    </Filter>
    <Filter Include="Math">
      <UniqueIdentifier>{AFF4887C-9B2B-8A0D-4418-7010302E060F}</UniqueIdentifier>
    </Filter>
    <Filter Include="Physics">
      <UniqueIdentifier>{888B590D-F46A-D8A8-FD82-637F69E13E0A}</UniqueIdentifier>
    </Filter>
    <Filter Include="Profiling">
      <UniqueIdentifier>{0F4268E4-7BAC-1C5B-C4EA-CD003094FAAF}</UniqueIdentifier>
    </Filter>
    <Filter Include="RHI">
      <UniqueIdentifier>{4819880B-B422-887C-3D9E-9E7CA9A6937C}</UniqueIdentifier>
    </Filter>
    <Filter Include="RHI\D3D11">
      <UniqueIdentifier>{3406661A-A070-1A91-E9AE-CB365558F8E5}</UniqueIdentifier>
    </Filter>
    <Filter Include="Rendering">
      <UniqueIdentifier>{E3AE1F7C-4F19-D4F2-9857-85980401B247}</UniqueIdentifier>
    </Filter>
    <Filter Include="Rendering\Font">
      <UniqueIdentifier>{C93D1ADE-B50B-0EE4-9E9F-7E0A8A0CEA48}</UniqueIdentifier>
    </Filter>
    <Filter Include="Rendering\Gizmos">
      <UniqueIdentifier>{2BEF8FCF-17E8-AE21-401A-94A62C728E2D}</UniqueIdentifier>
    </Filter>
    <Filter Include="Resource">
      <UniqueIdentifier>{ED6CDF9B-D939-3AA7-0253-284FEE7E6F35}</UniqueIdentifier>
    </Filter>
    <Filter Include="Resource\Import">
      <UniqueIdentifier>{577EEDFD-C309-5BC2-CC1A-DEB63825B7C2}</UniqueIdentifier>
    </Filter>
    <Filter Include="Scripting">
      <UniqueIdentifier>{985A7358-04C5-27CF-4D03-D974B9AC0524}</UniqueIdentifier>
    </Filter>
    <Filter Include="Threading">
      <UniqueIdentifier>{DB1BCC5F-4786-80D6-90C4-317CFC6D5E2B}</UniqueIdentifier>
    </Filter>
    <Filter Include="Utilities">
      <UniqueIdentifier>{010A8043-6D74-34BA-B6B2-E55F225C120F}</UniqueIdentifier>
    </Filter>
    <Filter Include="World">
      <UniqueIdentifier>{4D25640E-B939-8CBF-82BB-2F1FEE8E88F0}</UniqueIdentifier>
    </Filter>
    <Filter Include="World\Components">
      <UniqueIdentifier>{4200C30A-2EF9-E15C-572B-C7E14383C168}</UniqueIdentifier>
    </Filter>
  </ItemGroup>
  <ItemGroup>
    <ClInclude Include="Audio\Audio.h">
      <Filter>Audio</Filter>
    </ClInclude>
    <ClInclude Include="Audio\AudioClip.h">
      <Filter>Audio</Filter>
    </ClInclude>
    <ClInclude Include="Core\Context.h">
      <Filter>Core</Filter>
    </ClInclude>
    <ClInclude Include="Core\Engine.h">
      <Filter>Core</Filter>
    </ClInclude>
    <ClInclude Include="Core\EventSystem.h">
      <Filter>Core</Filter>
    </ClInclude>
    <ClInclude Include="Core\FileSystem.h">
      <Filter>Core</Filter>
    </ClInclude>
    <ClInclude Include="Core\ISubsystem.h">
      <Filter>Core</Filter>
    </ClInclude>
    <ClInclude Include="Core\Settings.h">
      <Filter>Core</Filter>
    </ClInclude>
    <ClInclude Include="Core\Spartan.h">
      <Filter>Core</Filter>
    </ClInclude>
    <ClInclude Include="Core\SpartanObject.h">
      <Filter>Core</Filter>
    </ClInclude>
    <ClInclude Include="Core\Spartan_Definitions.h">
      <Filter>Core</Filter>
    </ClInclude>
    <ClInclude Include="Core\Stopwatch.h">
      <Filter>Core</Filter>
    </ClInclude>
    <ClInclude Include="Core\Timer.h">
      <Filter>Core</Filter>
    </ClInclude>
    <ClInclude Include="Core\Variant.h">
      <Filter>Core</Filter>
    </ClInclude>
    <ClInclude Include="Display\Display.h">
      <Filter>Display</Filter>
    </ClInclude>
    <ClInclude Include="Display\DisplayMode.h">
      <Filter>Display</Filter>
    </ClInclude>
    <ClInclude Include="GameSystem\SharedBase\GameObject.h">
      <Filter>GameSystem\SharedBase</Filter>
    </ClInclude>
    <ClInclude Include="GameSystem\World\EngineWorld.h">
      <Filter>GameSystem\World</Filter>
    </ClInclude>
    <ClInclude Include="IO\FileStream.h">
      <Filter>IO</Filter>
    </ClInclude>
    <ClInclude Include="IO\XmlDocument.h">
      <Filter>IO</Filter>
    </ClInclude>
    <ClInclude Include="Input\Input.h">
      <Filter>Input</Filter>
    </ClInclude>
    <ClInclude Include="Logging\ILogger.h">
      <Filter>Logging</Filter>
    </ClInclude>
    <ClInclude Include="Logging\Log.h">
      <Filter>Logging</Filter>
    </ClInclude>
    <ClInclude Include="Math\BoundingBox.h">
      <Filter>Math</Filter>
    </ClInclude>
    <ClInclude Include="Math\Frustum.h">
      <Filter>Math</Filter>
    </ClInclude>
    <ClInclude Include="Math\MathHelper.h">
      <Filter>Math</Filter>
    </ClInclude>
    <ClInclude Include="Math\Matrix.h">
      <Filter>Math</Filter>
    </ClInclude>
    <ClInclude Include="Math\Plane.h">
      <Filter>Math</Filter>
    </ClInclude>
    <ClInclude Include="Math\Quaternion.h">
      <Filter>Math</Filter>
    </ClInclude>
    <ClInclude Include="Math\Ray.h">
      <Filter>Math</Filter>
    </ClInclude>
    <ClInclude Include="Math\RayHit.h">
      <Filter>Math</Filter>
    </ClInclude>
    <ClInclude Include="Math\Rectangle.h">
      <Filter>Math</Filter>
    </ClInclude>
    <ClInclude Include="Math\Sphere.h">
      <Filter>Math</Filter>
    </ClInclude>
    <ClInclude Include="Math\Vector2.h">
      <Filter>Math</Filter>
    </ClInclude>
    <ClInclude Include="Math\Vector3.h">
      <Filter>Math</Filter>
    </ClInclude>
    <ClInclude Include="Math\Vector4.h">
      <Filter>Math</Filter>
    </ClInclude>
    <ClInclude Include="Physics\BulletPhysicsHelper.h">
      <Filter>Physics</Filter>
    </ClInclude>
    <ClInclude Include="Physics\Physics.h">
      <Filter>Physics</Filter>
    </ClInclude>
    <ClInclude Include="Physics\PhysicsDebugDraw.h">
      <Filter>Physics</Filter>
    </ClInclude>
    <ClInclude Include="Profiling\Profiler.h">
      <Filter>Profiling</Filter>
    </ClInclude>
    <ClInclude Include="Profiling\TimeBlock.h">
      <Filter>Profiling</Filter>
    </ClInclude>
    <ClInclude Include="RHI\D3D11\D3D11_Utility.h">
      <Filter>RHI\D3D11</Filter>
    </ClInclude>
    <ClInclude Include="RHI\RHI_BlendState.h">
      <Filter>RHI</Filter>
    </ClInclude>
    <ClInclude Include="RHI\RHI_CommandList.h">
      <Filter>RHI</Filter>
    </ClInclude>
    <ClInclude Include="RHI\RHI_ConstantBuffer.h">
      <Filter>RHI</Filter>
    </ClInclude>
    <ClInclude Include="RHI\RHI_Definition.h">
      <Filter>RHI</Filter>
    </ClInclude>
    <ClInclude Include="RHI\RHI_DepthStencilState.h">
      <Filter>RHI</Filter>
    </ClInclude>
    <ClInclude Include="RHI\RHI_Descriptor.h">
      <Filter>RHI</Filter>
    </ClInclude>
    <ClInclude Include="RHI\RHI_DescriptorSet.h">
      <Filter>RHI</Filter>
    </ClInclude>
    <ClInclude Include="RHI\RHI_DescriptorSetLayout.h">
      <Filter>RHI</Filter>
    </ClInclude>
    <ClInclude Include="RHI\RHI_DescriptorSetLayoutCache.h">
      <Filter>RHI</Filter>
    </ClInclude>
    <ClInclude Include="RHI\RHI_Device.h">
      <Filter>RHI</Filter>
    </ClInclude>
    <ClInclude Include="RHI\RHI_Fence.h">
      <Filter>RHI</Filter>
    </ClInclude>
    <ClInclude Include="RHI\RHI_Implementation.h">
      <Filter>RHI</Filter>
    </ClInclude>
    <ClInclude Include="RHI\RHI_IndexBuffer.h">
      <Filter>RHI</Filter>
    </ClInclude>
    <ClInclude Include="RHI\RHI_InputLayout.h">
      <Filter>RHI</Filter>
    </ClInclude>
    <ClInclude Include="RHI\RHI_PhysicalDevice.h">
      <Filter>RHI</Filter>
    </ClInclude>
    <ClInclude Include="RHI\RHI_Pipeline.h">
      <Filter>RHI</Filter>
    </ClInclude>
    <ClInclude Include="RHI\RHI_PipelineCache.h">
      <Filter>RHI</Filter>
    </ClInclude>
    <ClInclude Include="RHI\RHI_PipelineState.h">
      <Filter>RHI</Filter>
    </ClInclude>
    <ClInclude Include="RHI\RHI_RasterizerState.h">
      <Filter>RHI</Filter>
    </ClInclude>
    <ClInclude Include="RHI\RHI_Sampler.h">
      <Filter>RHI</Filter>
    </ClInclude>
    <ClInclude Include="RHI\RHI_Semaphore.h">
      <Filter>RHI</Filter>
    </ClInclude>
    <ClInclude Include="RHI\RHI_Shader.h">
      <Filter>RHI</Filter>
    </ClInclude>
    <ClInclude Include="RHI\RHI_SwapChain.h">
      <Filter>RHI</Filter>
    </ClInclude>
    <ClInclude Include="RHI\RHI_Texture.h">
      <Filter>RHI</Filter>
    </ClInclude>
    <ClInclude Include="RHI\RHI_Texture2D.h">
      <Filter>RHI</Filter>
    </ClInclude>
    <ClInclude Include="RHI\RHI_TextureCube.h">
      <Filter>RHI</Filter>
    </ClInclude>
    <ClInclude Include="RHI\RHI_Vertex.h">
      <Filter>RHI</Filter>
    </ClInclude>
    <ClInclude Include="RHI\RHI_VertexBuffer.h">
      <Filter>RHI</Filter>
    </ClInclude>
    <ClInclude Include="RHI\RHI_Viewport.h">
      <Filter>RHI</Filter>
    </ClInclude>
    <ClInclude Include="Rendering\Animation.h">
      <Filter>Rendering</Filter>
    </ClInclude>
    <ClInclude Include="Rendering\Font\Font.h">
      <Filter>Rendering\Font</Filter>
    </ClInclude>
    <ClInclude Include="Rendering\Font\Glyph.h">
      <Filter>Rendering\Font</Filter>
    </ClInclude>
    <ClInclude Include="Rendering\Gizmos\Grid.h">
      <Filter>Rendering\Gizmos</Filter>
    </ClInclude>
    <ClInclude Include="Rendering\Gizmos\TransformEnums.h">
      <Filter>Rendering\Gizmos</Filter>
    </ClInclude>
    <ClInclude Include="Rendering\Gizmos\TransformGizmo.h">
      <Filter>Rendering\Gizmos</Filter>
    </ClInclude>
    <ClInclude Include="Rendering\Gizmos\TransformHandle.h">
      <Filter>Rendering\Gizmos</Filter>
    </ClInclude>
    <ClInclude Include="Rendering\Gizmos\TransformHandleAxis.h">
      <Filter>Rendering\Gizmos</Filter>
    </ClInclude>
    <ClInclude Include="Rendering\Gizmos\TransformPosition.h">
      <Filter>Rendering\Gizmos</Filter>
    </ClInclude>
    <ClInclude Include="Rendering\Gizmos\TransformRotation.h">
      <Filter>Rendering\Gizmos</Filter>
    </ClInclude>
    <ClInclude Include="Rendering\Gizmos\TransformScale.h">
      <Filter>Rendering\Gizmos</Filter>
    </ClInclude>
    <ClInclude Include="Rendering\Material.h">
      <Filter>Rendering</Filter>
    </ClInclude>
    <ClInclude Include="Rendering\Mesh.h">
      <Filter>Rendering</Filter>
    </ClInclude>
    <ClInclude Include="Rendering\Model.h">
      <Filter>Rendering</Filter>
    </ClInclude>
    <ClInclude Include="Rendering\Renderer.h">
      <Filter>Rendering</Filter>
    </ClInclude>
    <ClInclude Include="Rendering\Renderer_ConstantBuffers.h">
      <Filter>Rendering</Filter>
    </ClInclude>
    <ClInclude Include="Rendering\Renderer_Enums.h">
      <Filter>Rendering</Filter>
    </ClInclude>
    <ClInclude Include="Rendering\ShaderGBuffer.h">
      <Filter>Rendering</Filter>
    </ClInclude>
    <ClInclude Include="Rendering\ShaderLight.h">
      <Filter>Rendering</Filter>
    </ClInclude>
    <ClInclude Include="Resource\IResource.h">
      <Filter>Resource</Filter>
    </ClInclude>
    <ClInclude Include="Resource\Import\AssimpHelper.h">
      <Filter>Resource\Import</Filter>
    </ClInclude>
    <ClInclude Include="Resource\Import\FontImporter.h">
      <Filter>Resource\Import</Filter>
    </ClInclude>
    <ClInclude Include="Resource\Import\ImageImporter.h">
      <Filter>Resource\Import</Filter>
    </ClInclude>
    <ClInclude Include="Resource\Import\ModelImporter.h">
      <Filter>Resource\Import</Filter>
    </ClInclude>
    <ClInclude Include="Resource\ProgressTracker.h">
      <Filter>Resource</Filter>
    </ClInclude>
    <ClInclude Include="Resource\ResourceCache.h">
      <Filter>Resource</Filter>
    </ClInclude>
    <ClInclude Include="Scripting\ScriptInstance.h">
      <Filter>Scripting</Filter>
    </ClInclude>
    <ClInclude Include="Scripting\Scripting.h">
      <Filter>Scripting</Filter>
    </ClInclude>
    <ClInclude Include="Scripting\ScriptingApi.h">
      <Filter>Scripting</Filter>
    </ClInclude>
    <ClInclude Include="Scripting\ScriptingHelper.h">
      <Filter>Scripting</Filter>
    </ClInclude>
    <ClInclude Include="Threading\Threading.h">
      <Filter>Threading</Filter>
    </ClInclude>
    <ClInclude Include="Utilities\Geometry.h">
      <Filter>Utilities</Filter>
    </ClInclude>
    <ClInclude Include="Utilities\Hash.h">
      <Filter>Utilities</Filter>
    </ClInclude>
    <ClInclude Include="Utilities\Sampling.h">
      <Filter>Utilities</Filter>
    </ClInclude>
    <ClInclude Include="World\Components\AudioListener.h">
      <Filter>World\Components</Filter>
    </ClInclude>
    <ClInclude Include="World\Components\AudioSource.h">
      <Filter>World\Components</Filter>
    </ClInclude>
    <ClInclude Include="World\Components\Camera.h">
      <Filter>World\Components</Filter>
    </ClInclude>
    <ClInclude Include="World\Components\Collider.h">
      <Filter>World\Components</Filter>
    </ClInclude>
    <ClInclude Include="World\Components\Constraint.h">
      <Filter>World\Components</Filter>
    </ClInclude>
    <ClInclude Include="World\Components\Environment.h">
      <Filter>World\Components</Filter>
    </ClInclude>
    <ClInclude Include="World\Components\IComponent.h">
      <Filter>World\Components</Filter>
    </ClInclude>
    <ClInclude Include="World\Components\Light.h">
      <Filter>World\Components</Filter>
    </ClInclude>
    <ClInclude Include="World\Components\Renderable.h">
      <Filter>World\Components</Filter>
    </ClInclude>
    <ClInclude Include="World\Components\RigidBody.h">
      <Filter>World\Components</Filter>
    </ClInclude>
    <ClInclude Include="World\Components\Script.h">
      <Filter>World\Components</Filter>
    </ClInclude>
    <ClInclude Include="World\Components\SoftBody.h">
      <Filter>World\Components</Filter>
    </ClInclude>
    <ClInclude Include="World\Components\Terrain.h">
      <Filter>World\Components</Filter>
    </ClInclude>
    <ClInclude Include="World\Components\Transform.h">
      <Filter>World\Components</Filter>
    </ClInclude>
    <ClInclude Include="World\Entity.h">
      <Filter>World</Filter>
    </ClInclude>
    <ClInclude Include="World\World.h">
      <Filter>World</Filter>
    </ClInclude>
  </ItemGroup>
  <ItemGroup>
    <ClCompile Include="Audio\Audio.cpp">
      <Filter>Audio</Filter>
    </ClCompile>
    <ClCompile Include="Audio\AudioClip.cpp">
      <Filter>Audio</Filter>
    </ClCompile>
    <ClCompile Include="Core\Engine.cpp">
      <Filter>Core</Filter>
    </ClCompile>
    <ClCompile Include="Core\FileSystem.cpp">
      <Filter>Core</Filter>
    </ClCompile>
    <ClCompile Include="Core\Settings.cpp">
      <Filter>Core</Filter>
    </ClCompile>
    <ClCompile Include="Core\Spartan.cpp">
      <Filter>Core</Filter>
    </ClCompile>
    <ClCompile Include="Core\SpartanObject.cpp">
      <Filter>Core</Filter>
    </ClCompile>
    <ClCompile Include="Core\Timer.cpp">
      <Filter>Core</Filter>
    </ClCompile>
    <ClCompile Include="Display\Display.cpp">
      <Filter>Display</Filter>
    </ClCompile>
    <ClCompile Include="GameSystem\World\EngineWorld.cpp">
      <Filter>GameSystem\World</Filter>
    </ClCompile>
    <ClCompile Include="IO\FileStream.cpp">
      <Filter>IO</Filter>
    </ClCompile>
    <ClCompile Include="IO\XmlDocument.cpp">
      <Filter>IO</Filter>
    </ClCompile>
    <ClCompile Include="Input\Windows\Windows_Input.cpp">
      <Filter>Input\Windows</Filter>
    </ClCompile>
    <ClCompile Include="Logging\Log.cpp">
      <Filter>Logging</Filter>
    </ClCompile>
    <ClCompile Include="Math\BoundingBox.cpp">
      <Filter>Math</Filter>
    </ClCompile>
    <ClCompile Include="Math\Frustum.cpp">
      <Filter>Math</Filter>
    </ClCompile>
    <ClCompile Include="Math\Matrix.cpp">
      <Filter>Math</Filter>
    </ClCompile>
    <ClCompile Include="Math\Plane.cpp">
      <Filter>Math</Filter>
    </ClCompile>
    <ClCompile Include="Math\Quaternion.cpp">
      <Filter>Math</Filter>
    </ClCompile>
    <ClCompile Include="Math\Ray.cpp">
      <Filter>Math</Filter>
    </ClCompile>
    <ClCompile Include="Math\Rectangle.cpp">
      <Filter>Math</Filter>
    </ClCompile>
    <ClCompile Include="Math\Sphere.cpp">
      <Filter>Math</Filter>
    </ClCompile>
    <ClCompile Include="Math\Vector2.cpp">
      <Filter>Math</Filter>
    </ClCompile>
    <ClCompile Include="Math\Vector3.cpp">
      <Filter>Math</Filter>
    </ClCompile>
    <ClCompile Include="Math\Vector4.cpp">
      <Filter>Math</Filter>
    </ClCompile>
    <ClCompile Include="Physics\Physics.cpp">
      <Filter>Physics</Filter>
    </ClCompile>
    <ClCompile Include="Physics\PhysicsDebugDraw.cpp">
      <Filter>Physics</Filter>
    </ClCompile>
    <ClCompile Include="Profiling\Profiler.cpp">
      <Filter>Profiling</Filter>
    </ClCompile>
    <ClCompile Include="Profiling\TimeBlock.cpp">
      <Filter>Profiling</Filter>
    </ClCompile>
    <ClCompile Include="RHI\D3D11\D3D11_BlendState.cpp">
      <Filter>RHI\D3D11</Filter>
    </ClCompile>
    <ClCompile Include="RHI\D3D11\D3D11_CommandList.cpp">
      <Filter>RHI\D3D11</Filter>
    </ClCompile>
    <ClCompile Include="RHI\D3D11\D3D11_ConstantBuffer.cpp">
      <Filter>RHI\D3D11</Filter>
    </ClCompile>
    <ClCompile Include="RHI\D3D11\D3D11_DepthStencilState.cpp">
      <Filter>RHI\D3D11</Filter>
    </ClCompile>
    <ClCompile Include="RHI\D3D11\D3D11_DescriptorSet.cpp">
      <Filter>RHI\D3D11</Filter>
    </ClCompile>
    <ClCompile Include="RHI\D3D11\D3D11_DescriptorSetLayout.cpp">
      <Filter>RHI\D3D11</Filter>
    </ClCompile>
    <ClCompile Include="RHI\D3D11\D3D11_DescriptorSetLayoutCache.cpp">
      <Filter>RHI\D3D11</Filter>
    </ClCompile>
    <ClCompile Include="RHI\D3D11\D3D11_Device.cpp">
      <Filter>RHI\D3D11</Filter>
    </ClCompile>
    <ClCompile Include="RHI\D3D11\D3D11_Fence.cpp">
      <Filter>RHI\D3D11</Filter>
    </ClCompile>
    <ClCompile Include="RHI\D3D11\D3D11_IndexBuffer.cpp">
      <Filter>RHI\D3D11</Filter>
    </ClCompile>
    <ClCompile Include="RHI\D3D11\D3D11_InputLayout.cpp">
      <Filter>RHI\D3D11</Filter>
    </ClCompile>
    <ClCompile Include="RHI\D3D11\D3D11_Pipeline.cpp">
      <Filter>RHI\D3D11</Filter>
    </ClCompile>
    <ClCompile Include="RHI\D3D11\D3D11_PipelineState.cpp">
      <Filter>RHI\D3D11</Filter>
    </ClCompile>
    <ClCompile Include="RHI\D3D11\D3D11_RasterizerState.cpp">
      <Filter>RHI\D3D11</Filter>
    </ClCompile>
    <ClCompile Include="RHI\D3D11\D3D11_Sampler.cpp">
      <Filter>RHI\D3D11</Filter>
    </ClCompile>
    <ClCompile Include="RHI\D3D11\D3D11_Semaphore.cpp">
      <Filter>RHI\D3D11</Filter>
    </ClCompile>
    <ClCompile Include="RHI\D3D11\D3D11_Shader.cpp">
      <Filter>RHI\D3D11</Filter>
    </ClCompile>
    <ClCompile Include="RHI\D3D11\D3D11_SwapChain.cpp">
      <Filter>RHI\D3D11</Filter>
    </ClCompile>
    <ClCompile Include="RHI\D3D11\D3D11_Texture.cpp">
      <Filter>RHI\D3D11</Filter>
    </ClCompile>
    <ClCompile Include="RHI\D3D11\D3D11_VertexBuffer.cpp">
      <Filter>RHI\D3D11</Filter>
    </ClCompile>
    <ClCompile Include="RHI\RHI_CommandList.cpp">
      <Filter>RHI</Filter>
    </ClCompile>
    <ClCompile Include="RHI\RHI_DescriptorSet.cpp">
      <Filter>RHI</Filter>
    </ClCompile>
    <ClCompile Include="RHI\RHI_DescriptorSetLayout.cpp">
      <Filter>RHI</Filter>
    </ClCompile>
    <ClCompile Include="RHI\RHI_DescriptorSetLayoutCache.cpp">
      <Filter>RHI</Filter>
    </ClCompile>
    <ClCompile Include="RHI\RHI_Device.cpp">
      <Filter>RHI</Filter>
    </ClCompile>
    <ClCompile Include="RHI\RHI_Implementation.cpp">
      <Filter>RHI</Filter>
    </ClCompile>
    <ClCompile Include="RHI\RHI_PipelineCache.cpp">
      <Filter>RHI</Filter>
    </ClCompile>
    <ClCompile Include="RHI\RHI_PipelineState.cpp">
      <Filter>RHI</Filter>
    </ClCompile>
    <ClCompile Include="RHI\RHI_Sampler.cpp">
      <Filter>RHI</Filter>
    </ClCompile>
    <ClCompile Include="RHI\RHI_Shader.cpp">
      <Filter>RHI</Filter>
    </ClCompile>
    <ClCompile Include="RHI\RHI_Texture.cpp">
      <Filter>RHI</Filter>
    </ClCompile>
    <ClCompile Include="RHI\RHI_Viewport.cpp">
      <Filter>RHI</Filter>
    </ClCompile>
    <ClCompile Include="Rendering\Animation.cpp">
      <Filter>Rendering</Filter>
    </ClCompile>
    <ClCompile Include="Rendering\Font\Font.cpp">
      <Filter>Rendering\Font</Filter>
    </ClCompile>
    <ClCompile Include="Rendering\Gizmos\Grid.cpp">
      <Filter>Rendering\Gizmos</Filter>
    </ClCompile>
    <ClCompile Include="Rendering\Gizmos\TransformGizmo.cpp">
      <Filter>Rendering\Gizmos</Filter>
    </ClCompile>
    <ClCompile Include="Rendering\Gizmos\TransformHandle.cpp">
      <Filter>Rendering\Gizmos</Filter>
    </ClCompile>
    <ClCompile Include="Rendering\Gizmos\TransformHandleAxis.cpp">
      <Filter>Rendering\Gizmos</Filter>
    </ClCompile>
    <ClCompile Include="Rendering\Gizmos\TransformPosition.cpp">
      <Filter>Rendering\Gizmos</Filter>
    </ClCompile>
    <ClCompile Include="Rendering\Gizmos\TransformRotation.cpp">
      <Filter>Rendering\Gizmos</Filter>
    </ClCompile>
    <ClCompile Include="Rendering\Gizmos\TransformScale.cpp">
      <Filter>Rendering\Gizmos</Filter>
    </ClCompile>
    <ClCompile Include="Rendering\Material.cpp">
      <Filter>Rendering</Filter>
    </ClCompile>
    <ClCompile Include="Rendering\Mesh.cpp">
      <Filter>Rendering</Filter>
    </ClCompile>
    <ClCompile Include="Rendering\Model.cpp">
      <Filter>Rendering</Filter>
    </ClCompile>
    <ClCompile Include="Rendering\Renderer.cpp">
      <Filter>Rendering</Filter>
    </ClCompile>
    <ClCompile Include="Rendering\Renderer_Passes.cpp">
      <Filter>Rendering</Filter>
    </ClCompile>
    <ClCompile Include="Rendering\Renderer_Primitives.cpp">
      <Filter>Rendering</Filter>
    </ClCompile>
    <ClCompile Include="Rendering\Renderer_Resources.cpp">
      <Filter>Rendering</Filter>
    </ClCompile>
    <ClCompile Include="Rendering\ShaderGBuffer.cpp">
      <Filter>Rendering</Filter>
    </ClCompile>
    <ClCompile Include="Rendering\ShaderLight.cpp">
      <Filter>Rendering</Filter>
    </ClCompile>
    <ClCompile Include="Resource\IResource.cpp">
      <Filter>Resource</Filter>
    </ClCompile>
    <ClCompile Include="Resource\Import\FontImporter.cpp">
      <Filter>Resource\Import</Filter>
    </ClCompile>
    <ClCompile Include="Resource\Import\ImageImporter.cpp">
      <Filter>Resource\Import</Filter>
    </ClCompile>
    <ClCompile Include="Resource\Import\ModelImporter.cpp">
      <Filter>Resource\Import</Filter>
    </ClCompile>
    <ClCompile Include="Resource\ResourceCache.cpp">
      <Filter>Resource</Filter>
    </ClCompile>
    <ClCompile Include="Scripting\Scripting.cpp">
      <Filter>Scripting</Filter>
    </ClCompile>
    <ClCompile Include="Threading\Threading.cpp">
      <Filter>Threading</Filter>
    </ClCompile>
    <ClCompile Include="World\Components\AudioListener.cpp">
      <Filter>World\Components</Filter>
    </ClCompile>
    <ClCompile Include="World\Components\AudioSource.cpp">
      <Filter>World\Components</Filter>
    </ClCompile>
    <ClCompile Include="World\Components\Camera.cpp">
      <Filter>World\Components</Filter>
    </ClCompile>
    <ClCompile Include="World\Components\Collider.cpp">
      <Filter>World\Components</Filter>
    </ClCompile>
    <ClCompile Include="World\Components\Constraint.cpp">
      <Filter>World\Components</Filter>
    </ClCompile>
    <ClCompile Include="World\Components\Environment.cpp">
      <Filter>World\Components</Filter>
    </ClCompile>
    <ClCompile Include="World\Components\IComponent.cpp">
      <Filter>World\Components</Filter>
    </ClCompile>
    <ClCompile Include="World\Components\Light.cpp">
      <Filter>World\Components</Filter>
    </ClCompile>
    <ClCompile Include="World\Components\Renderable.cpp">
      <Filter>World\Components</Filter>
    </ClCompile>
    <ClCompile Include="World\Components\RigidBody.cpp">
      <Filter>World\Components</Filter>
    </ClCompile>
    <ClCompile Include="World\Components\Script.cpp">
      <Filter>World\Components</Filter>
    </ClCompile>
    <ClCompile Include="World\Components\SoftBody.cpp">
      <Filter>World\Components</Filter>
    </ClCompile>
    <ClCompile Include="World\Components\Terrain.cpp">
      <Filter>World\Components</Filter>
    </ClCompile>
    <ClCompile Include="World\Components\Transform.cpp">
      <Filter>World\Components</Filter>
    </ClCompile>
    <ClCompile Include="World\Entity.cpp">
      <Filter>World</Filter>
    </ClCompile>
    <ClCompile Include="World\World.cpp">
      <Filter>World</Filter>
    </ClCompile>
  </ItemGroup>
</Project>